lockfileVersion: '9.0'

settings:
  autoInstallPeers: true
  excludeLinksFromLockfile: false

importers:

  .:
    dependencies:
      echarts:
        specifier: ^6.0.0
        version: 6.0.0
      jquery:
        specifier: ^3.7.1
        version: 3.7.1
      lib-flexible:
        specifier: ^0.3.2
        version: 0.3.2

packages:

  echarts@6.0.0:
    resolution: {integrity: sha512-Tte/grDQRiETQP4xz3iZWSvoHrkCQtwqd6hs+mifXcjrCuo2iKWbajFObuLJVBlDIJlOzgQPd1hsaKt/3+OMkQ==}

  jquery@3.7.1:
    resolution: {integrity: sha512-m4avr8yL8kmFN8psrbFFFmB/If14iN5o9nw/NgnnM+kybDJpRsAynV2BsfpTYrTRysYUdADVD7CkUUizgkpLfg==}

  lib-flexible@0.3.2:
    resolution: {integrity: sha512-9yowMWA70tKhKdCJDaltY0mNQG4OWo7pWKScnTp9aiSxS7s20ZYlwBRE3335nweOf5qKXVC7sDxJwMPM8/MFZg==}

  tslib@2.3.0:
    resolution: {integrity: sha512-N82ooyxVNm6h1riLCoyS9e3fuJ3AMG2zIZs2Gd1ATcSFjSA23Q0fzjjZeh0jbJvWVDZ0cJT8yaNNaaXHzueNjg==}

  zrender@6.0.0:
    resolution: {integrity: sha512-41dFXEEXuJpNecuUQq6JlbybmnHaqqpGlbH1yxnA5V9MMP4SbohSVZsJIwz+zdjQXSSlR1Vc34EgH1zxyTDvhg==}

snapshots:

  echarts@6.0.0:
    dependencies:
      tslib: 2.3.0
      zrender: 6.0.0

  jquery@3.7.1: {}

  lib-flexible@0.3.2: {}

  tslib@2.3.0: {}

  zrender@6.0.0:
    dependencies:
      tslib: 2.3.0
